
Microsoft Visual Studio Solution File, Format Version 12.00
# Visual Studio Version 17
VisualStudioVersion = 17.5.002.0
MinimumVisualStudioVersion = 10.0.40219.1
Project("{9A19103F-16F7-4668-BE54-9A1E7A4F7556}") = "Task1", "Task1\Task1.csproj", "{95B84A20-7B0B-4529-8188-7E76C921E812}"
EndProject
Global
	GlobalSection(SolutionConfigurationPlatforms) = preSolution
		Debug|Any CPU = Debug|Any CPU
		Release|Any CPU = Release|Any CPU
	EndGlobalSection
	GlobalSection(ProjectConfigurationPlatforms) = postSolution
		{95B84A20-7B0B-4529-8188-7E76C921E812}.Debug|Any CPU.ActiveCfg = Debug|Any CPU
		{95B84A20-7B0B-4529-8188-7E76C921E812}.Debug|Any CPU.Build.0 = Debug|Any CPU
		{95B84A20-7B0B-4529-8188-7E76C921E812}.Release|Any CPU.ActiveCfg = Release|Any CPU
		{95B84A20-7B0B-4529-8188-7E76C921E812}.Release|Any CPU.Build.0 = Release|Any CPU
	EndGlobalSection
	GlobalSection(SolutionProperties) = preSolution
		HideSolutionNode = FALSE
	EndGlobalSection
	GlobalSection(ExtensibilityGlobals) = postSolution
		SolutionGuid = {5F16E26E-F44D-4082-BAEC-921F73F6ACC6}
	EndGlobalSection
EndGlobal
